
Microsoft Visual Studio Solution File, Format Version 12.00
# Visual Studio Version 16
VisualStudioVersion = 16.0.30309.148
MinimumVisualStudioVersion = 10.0.40219.1
Project("{FAE04EC0-301F-11D3-BF4B-00C04F79EFBC}") = "backend", "backend\backend.csproj", "{4FBC91E4-8A18-41A9-A46F-37549AECEB4E}"
EndProject
Global
	GlobalSection(SolutionConfigurationPlatforms) = preSolution
		Debug|Any CPU = Debug|Any CPU
		Release|Any CPU = Release|Any CPU
	EndGlobalSection
	GlobalSection(ProjectConfigurationPlatforms) = postSolution
		{4FBC91E4-8A18-41A9-A46F-37549AECEB4E}.Debug|Any CPU.ActiveCfg = Debug|Any CPU
		{4FBC91E4-8A18-41A9-A46F-37549AECEB4E}.Debug|Any CPU.Build.0 = Debug|Any CPU
		{4FBC91E4-8A18-41A9-A46F-37549AECEB4E}.Release|Any CPU.ActiveCfg = Release|Any CPU
		{4FBC91E4-8A18-41A9-A46F-37549AECEB4E}.Release|Any CPU.Build.0 = Release|Any CPU
	EndGlobalSection
	GlobalSection(SolutionProperties) = preSolution
		HideSolutionNode = FALSE
	EndGlobalSection
	GlobalSection(ExtensibilityGlobals) = postSolution
		SolutionGuid = {C17E9386-8C1E-47FC-91BE-A002E1AD1270}
	EndGlobalSection
EndGlobal
